// !$*UTF8*$!
{
	archiveVersion = 1;
	classes = {
	};
	objectVersion = 46;
	objects = {

/* Begin PBXBuildFile section */
		1C019D7C184B439C00D2E214 /* AppDelegate.m in Sources */ = {isa = PBXBuildFile; fileRef = 1C019D75184B439C00D2E214 /* AppDelegate.m */; };
		1C019D7D184B439C00D2E214 /* main.m in Sources */ = {isa = PBXBuildFile; fileRef = 1C019D77184B439C00D2E214 /* main.m */; };
		1C019D7E184B439C00D2E214 /* Main.storyboard in Resources */ = {isa = PBXBuildFile; fileRef = 1C019D79184B439C00D2E214 /* Main.storyboard */; };
		1C019D7F184B439C00D2E214 /* ViewController.m in Sources */ = {isa = PBXBuildFile; fileRef = 1C019D7B184B439C00D2E214 /* ViewController.m */; };
		1C019D85184B43BC00D2E214 /* bgImage.jpg in Resources */ = {isa = PBXBuildFile; fileRef = 1C019D83184B43BC00D2E214 /* bgImage.jpg */; };
		1C019D87184B4BB500D2E214 /* Default-568h@2x.png in Resources */ = {isa = PBXBuildFile; fileRef = 1C019D86184B4BB500D2E214 /* Default-568h@2x.png */; };
		1C5050DE184A9C2C009BA897 /* Foundation.framework in Frameworks */ = {isa = PBXBuildFile; fileRef = 1C5050DD184A9C2C009BA897 /* Foundation.framework */; };
		1C5050E0184A9C2C009BA897 /* CoreGraphics.framework in Frameworks */ = {isa = PBXBuildFile; fileRef = 1C5050DF184A9C2C009BA897 /* CoreGraphics.framework */; };
		1C5050E2184A9C2C009BA897 /* UIKit.framework in Frameworks */ = {isa = PBXBuildFile; fileRef = 1C5050E1184A9C2C009BA897 /* UIKit.framework */; };
/* End PBXBuildFile section */

/* Begin PBXFileReference section */
		1C019D74184B439C00D2E214 /* AppDelegate.h */ = {isa = PBXFileReference; fileEncoding = 4; lastKnownFileType = sourcecode.c.h; path = AppDelegate.h; sourceTree = "<group>"; };
		1C019D75184B439C00D2E214 /* AppDelegate.m */ = {isa = PBXFileReference; fileEncoding = 4; lastKnownFileType = sourcecode.c.objc; path = AppDelegate.m; sourceTree = "<group>"; };
		1C019D76184B439C00D2E214 /* ParallaxCollectionView-Prefix.pch */ = {isa = PBXFileReference; fileEncoding = 4; lastKnownFileType = sourcecode.c.h; path = "ParallaxCollectionView-Prefix.pch"; sourceTree = "<group>"; };
		1C019D77184B439C00D2E214 /* main.m */ = {isa = PBXFileReference; fileEncoding = 4; lastKnownFileType = sourcecode.c.objc; path = main.m; sourceTree = "<group>"; };
		1C019D79184B439C00D2E214 /* Main.storyboard */ = {isa = PBXFileReference; fileEncoding = 4; lastKnownFileType = file.storyboard; path = Main.storyboard; sourceTree = "<group>"; };
		1C019D7A184B439C00D2E214 /* ViewController.h */ = {isa = PBXFileReference; fileEncoding = 4; lastKnownFileType = sourcecode.c.h; path = ViewController.h; sourceTree = "<group>"; };
		1C019D7B184B439C00D2E214 /* ViewController.m */ = {isa = PBXFileReference; fileEncoding = 4; lastKnownFileType = sourcecode.c.objc; path = ViewController.m; sourceTree = "<group>"; };
		1C019D81184B43BC00D2E214 /* ParallaxCollectionView-Info.plist */ = {isa = PBXFileReference; fileEncoding = 4; lastKnownFileType = text.plist.xml; path = "ParallaxCollectionView-Info.plist"; sourceTree = "<group>"; };
		1C019D83184B43BC00D2E214 /* bgImage.jpg */ = {isa = PBXFileReference; lastKnownFileType = image.jpeg; path = bgImage.jpg; sourceTree = "<group>"; };
		1C019D86184B4BB500D2E214 /* Default-568h@2x.png */ = {isa = PBXFileReference; lastKnownFileType = image.png; path = "Default-568h@2x.png"; sourceTree = "<group>"; };
		1C5050DA184A9C2C009BA897 /* ParallaxCollectionView.app */ = {isa = PBXFileReference; explicitFileType = wrapper.application; includeInIndex = 0; path = ParallaxCollectionView.app; sourceTree = BUILT_PRODUCTS_DIR; };
		1C5050DD184A9C2C009BA897 /* Foundation.framework */ = {isa = PBXFileReference; lastKnownFileType = wrapper.framework; name = Foundation.framework; path = System/Library/Frameworks/Foundation.framework; sourceTree = SDKROOT; };
		1C5050DF184A9C2C009BA897 /* CoreGraphics.framework */ = {isa = PBXFileReference; lastKnownFileType = wrapper.framework; name = CoreGraphics.framework; path = System/Library/Frameworks/CoreGraphics.framework; sourceTree = SDKROOT; };
		1C5050E1184A9C2C009BA897 /* UIKit.framework */ = {isa = PBXFileReference; lastKnownFileType = wrapper.framework; name = UIKit.framework; path = System/Library/Frameworks/UIKit.framework; sourceTree = SDKROOT; };
		1C5050F6184A9C2C009BA897 /* XCTest.framework */ = {isa = PBXFileReference; lastKnownFileType = wrapper.framework; name = XCTest.framework; path = Library/Frameworks/XCTest.framework; sourceTree = DEVELOPER_DIR; };
/* End PBXFileReference section */

/* Begin PBXFrameworksBuildPhase section */
		1C5050D7184A9C2C009BA897 /* Frameworks */ = {
			isa = PBXFrameworksBuildPhase;
			buildActionMask = 2147483647;
			files = (
				1C5050E0184A9C2C009BA897 /* CoreGraphics.framework in Frameworks */,
				1C5050E2184A9C2C009BA897 /* UIKit.framework in Frameworks */,
				1C5050DE184A9C2C009BA897 /* Foundation.framework in Frameworks */,
			);
			runOnlyForDeploymentPostprocessing = 0;
		};
/* End PBXFrameworksBuildPhase section */

/* Begin PBXGroup section */
		1C019D72184B439C00D2E214 /* src */ = {
			isa = PBXGroup;
			children = (
				1C019D73184B439C00D2E214 /* app */,
				1C019D78184B439C00D2E214 /* views */,
			);
			path = src;
			sourceTree = "<group>";
		};
		1C019D73184B439C00D2E214 /* app */ = {
			isa = PBXGroup;
			children = (
				1C019D74184B439C00D2E214 /* AppDelegate.h */,
				1C019D75184B439C00D2E214 /* AppDelegate.m */,
				1C019D76184B439C00D2E214 /* ParallaxCollectionView-Prefix.pch */,
				1C019D77184B439C00D2E214 /* main.m */,
			);
			path = app;
			sourceTree = "<group>";
		};
		1C019D78184B439C00D2E214 /* views */ = {
			isa = PBXGroup;
			children = (
				1C019D7A184B439C00D2E214 /* ViewController.h */,
				1C019D7B184B439C00D2E214 /* ViewController.m */,
				1C019D79184B439C00D2E214 /* Main.storyboard */,
			);
			path = views;
			sourceTree = "<group>";
		};
		1C019D80184B43BC00D2E214 /* resources */ = {
			isa = PBXGroup;
			children = (
				1C019D81184B43BC00D2E214 /* ParallaxCollectionView-Info.plist */,
				1C019D82184B43BC00D2E214 /* img */,
			);
			path = resources;
			sourceTree = "<group>";
		};
		1C019D82184B43BC00D2E214 /* img */ = {
			isa = PBXGroup;
			children = (
				1C019D86184B4BB500D2E214 /* Default-568h@2x.png */,
				1C019D83184B43BC00D2E214 /* bgImage.jpg */,
			);
			path = img;
			sourceTree = "<group>";
		};
		1C5050D1184A9C2C009BA897 = {
			isa = PBXGroup;
			children = (
				1C019D72184B439C00D2E214 /* src */,
				1C019D80184B43BC00D2E214 /* resources */,
				1C5050DC184A9C2C009BA897 /* Frameworks */,
				1C5050DB184A9C2C009BA897 /* Products */,
			);
			sourceTree = "<group>";
		};
		1C5050DB184A9C2C009BA897 /* Products */ = {
			isa = PBXGroup;
			children = (
				1C5050DA184A9C2C009BA897 /* ParallaxCollectionView.app */,
			);
			name = Products;
			sourceTree = "<group>";
		};
		1C5050DC184A9C2C009BA897 /* Frameworks */ = {
			isa = PBXGroup;
			children = (
				1C5050DD184A9C2C009BA897 /* Foundation.framework */,
				1C5050DF184A9C2C009BA897 /* CoreGraphics.framework */,
				1C5050E1184A9C2C009BA897 /* UIKit.framework */,
				1C5050F6184A9C2C009BA897 /* XCTest.framework */,
			);
			name = Frameworks;
			sourceTree = "<group>";
		};
/* End PBXGroup section */

/* Begin PBXNativeTarget section */
		1C5050D9184A9C2C009BA897 /* ParallaxCollectionView */ = {
			isa = PBXNativeTarget;
			buildConfigurationList = 1C505106184A9C2C009BA897 /* Build configuration list for PBXNativeTarget "ParallaxCollectionView" */;
			buildPhases = (
				1C5050D6184A9C2C009BA897 /* Sources */,
				1C5050D7184A9C2C009BA897 /* Frameworks */,
				1C5050D8184A9C2C009BA897 /* Resources */,
			);
			buildRules = (
			);
			dependencies = (
			);
			name = ParallaxCollectionView;
			productName = BRParallaxCollectionView;
			productReference = 1C5050DA184A9C2C009BA897 /* ParallaxCollectionView.app */;
			productType = "com.apple.product-type.application";
		};
/* End PBXNativeTarget section */

/* Begin PBXProject section */
		1C5050D2184A9C2C009BA897 /* Project object */ = {
			isa = PBXProject;
			attributes = {
				CLASSPREFIX = BR;
				LastUpgradeCheck = 0500;
				ORGANIZATIONNAME = "Jesús";
			};
			buildConfigurationList = 1C5050D5184A9C2C009BA897 /* Build configuration list for PBXProject "ParallaxCollectionView" */;
			compatibilityVersion = "Xcode 3.2";
			developmentRegion = English;
			hasScannedForEncodings = 0;
			knownRegions = (
				en,
			);
			mainGroup = 1C5050D1184A9C2C009BA897;
			productRefGroup = 1C5050DB184A9C2C009BA897 /* Products */;
			projectDirPath = "";
			projectRoot = "";
			targets = (
				1C5050D9184A9C2C009BA897 /* ParallaxCollectionView */,
			);
		};
/* End PBXProject section */

/* Begin PBXResourcesBuildPhase section */
		1C5050D8184A9C2C009BA897 /* Resources */ = {
			isa = PBXResourcesBuildPhase;
			buildActionMask = 2147483647;
			files = (
				1C019D7E184B439C00D2E214 /* Main.storyboard in Resources */,
				1C019D85184B43BC00D2E214 /* bgImage.jpg in Resources */,
				1C019D87184B4BB500D2E214 /* Default-568h@2x.png in Resources */,
			);
			runOnlyForDeploymentPostprocessing = 0;
		};
/* End PBXResourcesBuildPhase section */

/* Begin PBXSourcesBuildPhase section */
		1C5050D6184A9C2C009BA897 /* Sources */ = {
			isa = PBXSourcesBuildPhase;
			buildActionMask = 2147483647;
			files = (
				1C019D7F184B439C00D2E214 /* ViewController.m in Sources */,
				1C019D7D184B439C00D2E214 /* main.m in Sources */,
				1C019D7C184B439C00D2E214 /* AppDelegate.m in Sources */,
			);
			runOnlyForDeploymentPostprocessing = 0;
		};
/* End PBXSourcesBuildPhase section */

/* Begin XCBuildConfiguration section */
		1C505104184A9C2C009BA897 /* Debug */ = {
			isa = XCBuildConfiguration;
			buildSettings = {
				ALWAYS_SEARCH_USER_PATHS = NO;
				ARCHS = "$(ARCHS_STANDARD_INCLUDING_64_BIT)";
				CLANG_CXX_LANGUAGE_STANDARD = "gnu++0x";
				CLANG_CXX_LIBRARY = "libc++";
				CLANG_ENABLE_MODULES = YES;
				CLANG_ENABLE_OBJC_ARC = YES;
				CLANG_WARN_BOOL_CONVERSION = YES;
				CLANG_WARN_CONSTANT_CONVERSION = YES;
				CLANG_WARN_DIRECT_OBJC_ISA_USAGE = YES_ERROR;
				CLANG_WARN_EMPTY_BODY = YES;
				CLANG_WARN_ENUM_CONVERSION = YES;
				CLANG_WARN_INT_CONVERSION = YES;
				CLANG_WARN_OBJC_ROOT_CLASS = YES_ERROR;
				CLANG_WARN__DUPLICATE_METHOD_MATCH = YES;
				"CODE_SIGN_IDENTITY[sdk=iphoneos*]" = "iPhone Developer";
				COPY_PHASE_STRIP = NO;
				GCC_C_LANGUAGE_STANDARD = gnu99;
				GCC_DYNAMIC_NO_PIC = NO;
				GCC_OPTIMIZATION_LEVEL = 0;
				GCC_PREPROCESSOR_DEFINITIONS = (
					"DEBUG=1",
					"$(inherited)",
				);
				GCC_SYMBOLS_PRIVATE_EXTERN = NO;
				GCC_WARN_64_TO_32_BIT_CONVERSION = YES;
				GCC_WARN_ABOUT_RETURN_TYPE = YES_ERROR;
				GCC_WARN_UNDECLARED_SELECTOR = YES;
				GCC_WARN_UNINITIALIZED_AUTOS = YES;
				GCC_WARN_UNUSED_FUNCTION = YES;
				GCC_WARN_UNUSED_VARIABLE = YES;
				IPHONEOS_DEPLOYMENT_TARGET = 7.0;
				ONLY_ACTIVE_ARCH = YES;
				SDKROOT = iphoneos;
			};
			name = Debug;
		};
		1C505105184A9C2C009BA897 /* Release */ = {
			isa = XCBuildConfiguration;
			buildSettings = {
				ALWAYS_SEARCH_USER_PATHS = NO;
				ARCHS = "$(ARCHS_STANDARD_INCLUDING_64_BIT)";
				CLANG_CXX_LANGUAGE_STANDARD = "gnu++0x";
				CLANG_CXX_LIBRARY = "libc++";
				CLANG_ENABLE_MODULES = YES;
				CLANG_ENABLE_OBJC_ARC = YES;
				CLANG_WARN_BOOL_CONVERSION = YES;
				CLANG_WARN_CONSTANT_CONVERSION = YES;
				CLANG_WARN_DIRECT_OBJC_ISA_USAGE = YES_ERROR;
				CLANG_WARN_EMPTY_BODY = YES;
				CLANG_WARN_ENUM_CONVERSION = YES;
				CLANG_WARN_INT_CONVERSION = YES;
				CLANG_WARN_OBJC_ROOT_CLASS = YES_ERROR;
				CLANG_WARN__DUPLICATE_METHOD_MATCH = YES;
				"CODE_SIGN_IDENTITY[sdk=iphoneos*]" = "iPhone Developer";
				COPY_PHASE_STRIP = YES;
				ENABLE_NS_ASSERTIONS = NO;
				GCC_C_LANGUAGE_STANDARD = gnu99;
				GCC_WARN_64_TO_32_BIT_CONVERSION = YES;
				GCC_WARN_ABOUT_RETURN_TYPE = YES_ERROR;
				GCC_WARN_UNDECLARED_SELECTOR = YES;
				GCC_WARN_UNINITIALIZED_AUTOS = YES;
				GCC_WARN_UNUSED_FUNCTION = YES;
				GCC_WARN_UNUSED_VARIABLE = YES;
				IPHONEOS_DEPLOYMENT_TARGET = 7.0;
				SDKROOT = iphoneos;
				VALIDATE_PRODUCT = YES;
			};
			name = Release;
		};
		1C505107184A9C2C009BA897 /* Debug */ = {
			isa = XCBuildConfiguration;
			buildSettings = {
				ASSETCATALOG_COMPILER_APPICON_NAME = AppIcon;
				ASSETCATALOG_COMPILER_LAUNCHIMAGE_NAME = LaunchImage;
				GCC_PRECOMPILE_PREFIX_HEADER = YES;
				GCC_PREFIX_HEADER = "src/app/ParallaxCollectionView-Prefix.pch";
				INFOPLIST_FILE = "$(SRCROOT)/resources/ParallaxCollectionView-Info.plist";
				IPHONEOS_DEPLOYMENT_TARGET = 6.0;
				PRODUCT_NAME = ParallaxCollectionView;
				WRAPPER_EXTENSION = app;
			};
			name = Debug;
		};
		1C505108184A9C2C009BA897 /* Release */ = {
			isa = XCBuildConfiguration;
			buildSettings = {
				ASSETCATALOG_COMPILER_APPICON_NAME = AppIcon;
				ASSETCATALOG_COMPILER_LAUNCHIMAGE_NAME = LaunchImage;
				GCC_PRECOMPILE_PREFIX_HEADER = YES;
				GCC_PREFIX_HEADER = "src/app/ParallaxCollectionView-Prefix.pch";
				INFOPLIST_FILE = "$(SRCROOT)/resources/ParallaxCollectionView-Info.plist";
				IPHONEOS_DEPLOYMENT_TARGET = 6.0;
				PRODUCT_NAME = ParallaxCollectionView;
				WRAPPER_EXTENSION = app;
			};
			name = Release;
		};
/* End XCBuildConfiguration section */

/* Begin XCConfigurationList section */
		1C5050D5184A9C2C009BA897 /* Build configuration list for PBXProject "ParallaxCollectionView" */ = {
			isa = XCConfigurationList;
			buildConfigurations = (
				1C505104184A9C2C009BA897 /* Debug */,
				1C505105184A9C2C009BA897 /* Release */,
			);
			defaultConfigurationIsVisible = 0;
			defaultConfigurationName = Release;
		};
		1C505106184A9C2C009BA897 /* Build configuration list for PBXNativeTarget "ParallaxCollectionView" */ = {
			isa = XCConfigurationList;
			buildConfigurations = (
				1C505107184A9C2C009BA897 /* Debug */,
				1C505108184A9C2C009BA897 /* Release */,
			);
			defaultConfigurationIsVisible = 0;
			defaultConfigurationName = Release;
		};
/* End XCConfigurationList section */
	};
	rootObject = 1C5050D2184A9C2C009BA897 /* Project object */;
}
